
Microsoft Visual Studio Solution File, Format Version 12.00
# Visual Studio Version 16
VisualStudioVersion = 16.0.31005.135
MinimumVisualStudioVersion = 10.0.40219.1
Project("{FAE04EC0-301F-11D3-BF4B-00C04F79EFBC}") = "LibraryApp", "LibraryApp\LibraryApp.csproj", "{5063AF51-F90B-49AE-9DBC-D10CD883F7D4}"
EndProject
Global
	GlobalSection(SolutionConfigurationPlatforms) = preSolution
		Debug|Any CPU = Debug|Any CPU
		Release|Any CPU = Release|Any CPU
	EndGlobalSection
	GlobalSection(ProjectConfigurationPlatforms) = postSolution
		{5063AF51-F90B-49AE-9DBC-D10CD883F7D4}.Debug|Any CPU.ActiveCfg = Debug|Any CPU
		{5063AF51-F90B-49AE-9DBC-D10CD883F7D4}.Debug|Any CPU.Build.0 = Debug|Any CPU
		{5063AF51-F90B-49AE-9DBC-D10CD883F7D4}.Release|Any CPU.ActiveCfg = Release|Any CPU
		{5063AF51-F90B-49AE-9DBC-D10CD883F7D4}.Release|Any CPU.Build.0 = Release|Any CPU
	EndGlobalSection
	GlobalSection(SolutionProperties) = preSolution
		HideSolutionNode = FALSE
	EndGlobalSection
	GlobalSection(ExtensibilityGlobals) = postSolution
		SolutionGuid = {1AA9CD43-AA91-4474-937C-B70797A3ACDC}
	EndGlobalSection
EndGlobal
